
Microsoft Visual Studio Solution File, Format Version 12.00
# Visual Studio 15
VisualStudioVersion = 15.0.28307.136
MinimumVisualStudioVersion = 10.0.40219.1
Project("{9A19103F-16F7-4668-BE54-9A1E7A4F7556}") = "MongoDB", "MongoDB\MongoDB.csproj", "{11F2AF6D-2CD0-4657-AAEA-DC51F87E4584}"
EndProject
Project("{9A19103F-16F7-4668-BE54-9A1E7A4F7556}") = "MySQL", "MySQL\MySQL.csproj", "{94168141-54F5-44CD-8098-A68A62689164}"
EndProject
Project("{9A19103F-16F7-4668-BE54-9A1E7A4F7556}") = "SQLServer", "SQLServer\SQLServer.csproj", "{D5A3C895-15F7-4D6E-AF53-E4877C492417}"
EndProject
Project("{9A19103F-16F7-4668-BE54-9A1E7A4F7556}") = "SQLite", "SQLite\SQLite.csproj", "{06D62FD7-EA09-4687-80CB-184882118A71}"
EndProject
Project("{FAE04EC0-301F-11D3-BF4B-00C04F79EFBC}") = "App.Core", "App.Core\App.Core.csproj", "{34C4B9EB-06D7-484B-9A9A-3F5D4142D68F}"
EndProject
Global
	GlobalSection(SolutionConfigurationPlatforms) = preSolution
		Debug|Any CPU = Debug|Any CPU
		Release|Any CPU = Release|Any CPU
	EndGlobalSection
	GlobalSection(ProjectConfigurationPlatforms) = postSolution
		{11F2AF6D-2CD0-4657-AAEA-DC51F87E4584}.Debug|Any CPU.ActiveCfg = Debug|Any CPU
		{11F2AF6D-2CD0-4657-AAEA-DC51F87E4584}.Debug|Any CPU.Build.0 = Debug|Any CPU
		{11F2AF6D-2CD0-4657-AAEA-DC51F87E4584}.Release|Any CPU.ActiveCfg = Release|Any CPU
		{11F2AF6D-2CD0-4657-AAEA-DC51F87E4584}.Release|Any CPU.Build.0 = Release|Any CPU
		{94168141-54F5-44CD-8098-A68A62689164}.Debug|Any CPU.ActiveCfg = Debug|Any CPU
		{94168141-54F5-44CD-8098-A68A62689164}.Debug|Any CPU.Build.0 = Debug|Any CPU
		{94168141-54F5-44CD-8098-A68A62689164}.Release|Any CPU.ActiveCfg = Release|Any CPU
		{94168141-54F5-44CD-8098-A68A62689164}.Release|Any CPU.Build.0 = Release|Any CPU
		{D5A3C895-15F7-4D6E-AF53-E4877C492417}.Debug|Any CPU.ActiveCfg = Debug|Any CPU
		{D5A3C895-15F7-4D6E-AF53-E4877C492417}.Debug|Any CPU.Build.0 = Debug|Any CPU
		{D5A3C895-15F7-4D6E-AF53-E4877C492417}.Release|Any CPU.ActiveCfg = Release|Any CPU
		{D5A3C895-15F7-4D6E-AF53-E4877C492417}.Release|Any CPU.Build.0 = Release|Any CPU
		{06D62FD7-EA09-4687-80CB-184882118A71}.Debug|Any CPU.ActiveCfg = Debug|Any CPU
		{06D62FD7-EA09-4687-80CB-184882118A71}.Debug|Any CPU.Build.0 = Debug|Any CPU
		{06D62FD7-EA09-4687-80CB-184882118A71}.Release|Any CPU.ActiveCfg = Release|Any CPU
		{06D62FD7-EA09-4687-80CB-184882118A71}.Release|Any CPU.Build.0 = Release|Any CPU
		{34C4B9EB-06D7-484B-9A9A-3F5D4142D68F}.Debug|Any CPU.ActiveCfg = Debug|Any CPU
		{34C4B9EB-06D7-484B-9A9A-3F5D4142D68F}.Debug|Any CPU.Build.0 = Debug|Any CPU
		{34C4B9EB-06D7-484B-9A9A-3F5D4142D68F}.Release|Any CPU.ActiveCfg = Release|Any CPU
		{34C4B9EB-06D7-484B-9A9A-3F5D4142D68F}.Release|Any CPU.Build.0 = Release|Any CPU
	EndGlobalSection
	GlobalSection(SolutionProperties) = preSolution
		HideSolutionNode = FALSE
	EndGlobalSection
	GlobalSection(ExtensibilityGlobals) = postSolution
		SolutionGuid = {6370DCB6-6328-47D3-942C-7234E6115EB9}
	EndGlobalSection
EndGlobal
